// !$*UTF8*$!
{
	archiveVersion = 1;
	classes = {
	};
	objectVersion = 55;
	objects = {

/* Begin PBXBuildFile section */
		F86E51FB271DE05000D57993 /* TabBar.storyboard in Resources */ = {isa = PBXBuildFile; fileRef = F86E51FA271DE05000D57993 /* TabBar.storyboard */; };
		F86E51FD271DE06F00D57993 /* TabBarViewController.swift in Sources */ = {isa = PBXBuildFile; fileRef = F86E51FC271DE06F00D57993 /* TabBarViewController.swift */; };
		F86E51FF271DE11400D57993 /* HomeViewController.swift in Sources */ = {isa = PBXBuildFile; fileRef = F86E51FE271DE11400D57993 /* HomeViewController.swift */; };
		F86E5201271DE11F00D57993 /* LibraryViewController.swift in Sources */ = {isa = PBXBuildFile; fileRef = F86E5200271DE11F00D57993 /* LibraryViewController.swift */; };
		F86E5203271DE14900D57993 /* PlusViewController.swift in Sources */ = {isa = PBXBuildFile; fileRef = F86E5202271DE14900D57993 /* PlusViewController.swift */; };
		F86E5205271DE16100D57993 /* SubscriptionViewController.swift in Sources */ = {isa = PBXBuildFile; fileRef = F86E5204271DE16100D57993 /* SubscriptionViewController.swift */; };
		F86E5207271DE16E00D57993 /* ShortsViewController.swift in Sources */ = {isa = PBXBuildFile; fileRef = F86E5206271DE16E00D57993 /* ShortsViewController.swift */; };
		F8D2BE70270848FF00ED5EEA /* SceneDelegate.swift in Sources */ = {isa = PBXBuildFile; fileRef = F8D2BE6F270848FF00ED5EEA /* SceneDelegate.swift */; };
		F8D2BE72270848FF00ED5EEA /* LoginViewController.swift in Sources */ = {isa = PBXBuildFile; fileRef = F8D2BE71270848FF00ED5EEA /* LoginViewController.swift */; };
		F8D2BE75270848FF00ED5EEA /* Login.storyboard in Resources */ = {isa = PBXBuildFile; fileRef = F8D2BE73270848FF00ED5EEA /* Login.storyboard */; };
		F8D2BE77270848FF00ED5EEA /* Assets.xcassets in Resources */ = {isa = PBXBuildFile; fileRef = F8D2BE76270848FF00ED5EEA /* Assets.xcassets */; };
		F8D2BE7A270848FF00ED5EEA /* LaunchScreen.storyboard in Resources */ = {isa = PBXBuildFile; fileRef = F8D2BE78270848FF00ED5EEA /* LaunchScreen.storyboard */; };
		F8E70BEF270F4D0100A7DAF2 /* Signup.storyboard in Resources */ = {isa = PBXBuildFile; fileRef = F8E70BEE270F4D0100A7DAF2 /* Signup.storyboard */; };
		F8E70BF1270F4D0C00A7DAF2 /* SignupViewController.swift in Sources */ = {isa = PBXBuildFile; fileRef = F8E70BF0270F4D0C00A7DAF2 /* SignupViewController.swift */; };
		F8E70BF3270F4D6B00A7DAF2 /* CheckinViewController.swift in Sources */ = {isa = PBXBuildFile; fileRef = F8E70BF2270F4D6B00A7DAF2 /* CheckinViewController.swift */; };
		F8E70BF5270F4D7300A7DAF2 /* Checkin.storyboard in Resources */ = {isa = PBXBuildFile; fileRef = F8E70BF4270F4D7300A7DAF2 /* Checkin.storyboard */; };
		F8E70BF8270F4E7E00A7DAF2 /* Const.swift in Sources */ = {isa = PBXBuildFile; fileRef = F8E70BF7270F4E7E00A7DAF2 /* Const.swift */; };
		F8E70BFA270F4E8B00A7DAF2 /* Storyboard.swift in Sources */ = {isa = PBXBuildFile; fileRef = F8E70BF9270F4E8B00A7DAF2 /* Storyboard.swift */; };
		F8E70BFC270F4EB000A7DAF2 /* ViewController.swift in Sources */ = {isa = PBXBuildFile; fileRef = F8E70BFB270F4EB000A7DAF2 /* ViewController.swift */; };
		F8E70BFE270F503A00A7DAF2 /* AppDelegate.swift in Sources */ = {isa = PBXBuildFile; fileRef = F8E70BFD270F503A00A7DAF2 /* AppDelegate.swift */; };
/* End PBXBuildFile section */

/* Begin PBXFileReference section */
		F86E51FA271DE05000D57993 /* TabBar.storyboard */ = {isa = PBXFileReference; lastKnownFileType = file.storyboard; path = TabBar.storyboard; sourceTree = "<group>"; };
		F86E51FC271DE06F00D57993 /* TabBarViewController.swift */ = {isa = PBXFileReference; lastKnownFileType = sourcecode.swift; path = TabBarViewController.swift; sourceTree = "<group>"; };
		F86E51FE271DE11400D57993 /* HomeViewController.swift */ = {isa = PBXFileReference; lastKnownFileType = sourcecode.swift; path = HomeViewController.swift; sourceTree = "<group>"; };
		F86E5200271DE11F00D57993 /* LibraryViewController.swift */ = {isa = PBXFileReference; lastKnownFileType = sourcecode.swift; path = LibraryViewController.swift; sourceTree = "<group>"; };
		F86E5202271DE14900D57993 /* PlusViewController.swift */ = {isa = PBXFileReference; lastKnownFileType = sourcecode.swift; path = PlusViewController.swift; sourceTree = "<group>"; };
		F86E5204271DE16100D57993 /* SubscriptionViewController.swift */ = {isa = PBXFileReference; lastKnownFileType = sourcecode.swift; path = SubscriptionViewController.swift; sourceTree = "<group>"; };
		F86E5206271DE16E00D57993 /* ShortsViewController.swift */ = {isa = PBXFileReference; lastKnownFileType = sourcecode.swift; path = ShortsViewController.swift; sourceTree = "<group>"; };
		F8D2BE6A270848FF00ED5EEA /* SOPT-29th-iOS-SeminarAssignment.app */ = {isa = PBXFileReference; explicitFileType = wrapper.application; includeInIndex = 0; path = "SOPT-29th-iOS-SeminarAssignment.app"; sourceTree = BUILT_PRODUCTS_DIR; };
		F8D2BE6F270848FF00ED5EEA /* SceneDelegate.swift */ = {isa = PBXFileReference; lastKnownFileType = sourcecode.swift; path = SceneDelegate.swift; sourceTree = "<group>"; };
		F8D2BE71270848FF00ED5EEA /* LoginViewController.swift */ = {isa = PBXFileReference; lastKnownFileType = sourcecode.swift; path = LoginViewController.swift; sourceTree = "<group>"; };
		F8D2BE74270848FF00ED5EEA /* Base */ = {isa = PBXFileReference; lastKnownFileType = file.storyboard; name = Base; path = Base.lproj/Login.storyboard; sourceTree = "<group>"; };
		F8D2BE76270848FF00ED5EEA /* Assets.xcassets */ = {isa = PBXFileReference; lastKnownFileType = folder.assetcatalog; path = Assets.xcassets; sourceTree = "<group>"; };
		F8D2BE79270848FF00ED5EEA /* Base */ = {isa = PBXFileReference; lastKnownFileType = file.storyboard; name = Base; path = Base.lproj/LaunchScreen.storyboard; sourceTree = "<group>"; };
		F8D2BE7B270848FF00ED5EEA /* Info.plist */ = {isa = PBXFileReference; lastKnownFileType = text.plist.xml; path = Info.plist; sourceTree = "<group>"; };
		F8E70BEE270F4D0100A7DAF2 /* Signup.storyboard */ = {isa = PBXFileReference; lastKnownFileType = file.storyboard; path = Signup.storyboard; sourceTree = "<group>"; };
		F8E70BF0270F4D0C00A7DAF2 /* SignupViewController.swift */ = {isa = PBXFileReference; lastKnownFileType = sourcecode.swift; path = SignupViewController.swift; sourceTree = "<group>"; };
		F8E70BF2270F4D6B00A7DAF2 /* CheckinViewController.swift */ = {isa = PBXFileReference; lastKnownFileType = sourcecode.swift; path = CheckinViewController.swift; sourceTree = "<group>"; };
		F8E70BF4270F4D7300A7DAF2 /* Checkin.storyboard */ = {isa = PBXFileReference; lastKnownFileType = file.storyboard; path = Checkin.storyboard; sourceTree = "<group>"; };
		F8E70BF7270F4E7E00A7DAF2 /* Const.swift */ = {isa = PBXFileReference; lastKnownFileType = sourcecode.swift; path = Const.swift; sourceTree = "<group>"; };
		F8E70BF9270F4E8B00A7DAF2 /* Storyboard.swift */ = {isa = PBXFileReference; lastKnownFileType = sourcecode.swift; path = Storyboard.swift; sourceTree = "<group>"; };
		F8E70BFB270F4EB000A7DAF2 /* ViewController.swift */ = {isa = PBXFileReference; lastKnownFileType = sourcecode.swift; path = ViewController.swift; sourceTree = "<group>"; };
		F8E70BFD270F503A00A7DAF2 /* AppDelegate.swift */ = {isa = PBXFileReference; fileEncoding = 4; lastKnownFileType = sourcecode.swift; path = AppDelegate.swift; sourceTree = "<group>"; };
/* End PBXFileReference section */

/* Begin PBXFrameworksBuildPhase section */
		F8D2BE67270848FF00ED5EEA /* Frameworks */ = {
			isa = PBXFrameworksBuildPhase;
			buildActionMask = 2147483647;
			files = (
			);
			runOnlyForDeploymentPostprocessing = 0;
		};
/* End PBXFrameworksBuildPhase section */

/* Begin PBXGroup section */
		F86E5208271DE17000D57993 /* TabBar */ = {
			isa = PBXGroup;
			children = (
				F86E51FC271DE06F00D57993 /* TabBarViewController.swift */,
				F86E51FE271DE11400D57993 /* HomeViewController.swift */,
				F86E5200271DE11F00D57993 /* LibraryViewController.swift */,
				F86E5202271DE14900D57993 /* PlusViewController.swift */,
				F86E5204271DE16100D57993 /* SubscriptionViewController.swift */,
				F86E5206271DE16E00D57993 /* ShortsViewController.swift */,
			);
			path = TabBar;
			sourceTree = "<group>";
		};
		F8D2BE61270848FF00ED5EEA = {
			isa = PBXGroup;
			children = (
				F8D2BE6C270848FF00ED5EEA /* SOPT-29th-iOS-SeminarAssignment */,
				F8D2BE6B270848FF00ED5EEA /* Products */,
			);
			sourceTree = "<group>";
		};
		F8D2BE6B270848FF00ED5EEA /* Products */ = {
			isa = PBXGroup;
			children = (
				F8D2BE6A270848FF00ED5EEA /* SOPT-29th-iOS-SeminarAssignment.app */,
			);
			name = Products;
			sourceTree = "<group>";
		};
		F8D2BE6C270848FF00ED5EEA /* SOPT-29th-iOS-SeminarAssignment */ = {
			isa = PBXGroup;
			children = (
				F8E70BEA270F4BF900A7DAF2 /* Resource */,
				F8E70BEB270F4C0300A7DAF2 /* Source */,
			);
			path = "SOPT-29th-iOS-SeminarAssignment";
			sourceTree = "<group>";
		};
		F8E70BEA270F4BF900A7DAF2 /* Resource */ = {
			isa = PBXGroup;
			children = (
				F8D2BE7B270848FF00ED5EEA /* Info.plist */,
				F8D2BE76270848FF00ED5EEA /* Assets.xcassets */,
				F8E70BF6270F4E7200A7DAF2 /* Const */,
				F8E70BEC270F4C1A00A7DAF2 /* Storyboard */,
			);
			path = Resource;
			sourceTree = "<group>";
		};
		F8E70BEB270F4C0300A7DAF2 /* Source */ = {
			isa = PBXGroup;
			children = (
				F8E70BFD270F503A00A7DAF2 /* AppDelegate.swift */,
				F8D2BE6F270848FF00ED5EEA /* SceneDelegate.swift */,
				F8E70BED270F4C2700A7DAF2 /* ViewController */,
			);
			path = Source;
			sourceTree = "<group>";
		};
		F8E70BEC270F4C1A00A7DAF2 /* Storyboard */ = {
			isa = PBXGroup;
			children = (
				F8D2BE78270848FF00ED5EEA /* LaunchScreen.storyboard */,
				F8D2BE73270848FF00ED5EEA /* Login.storyboard */,
				F8E70BEE270F4D0100A7DAF2 /* Signup.storyboard */,
				F8E70BF4270F4D7300A7DAF2 /* Checkin.storyboard */,
				F86E51FA271DE05000D57993 /* TabBar.storyboard */,
			);
			path = Storyboard;
			sourceTree = "<group>";
		};
		F8E70BED270F4C2700A7DAF2 /* ViewController */ = {
			isa = PBXGroup;
			children = (
				F8D2BE71270848FF00ED5EEA /* LoginViewController.swift */,
				F8E70BF0270F4D0C00A7DAF2 /* SignupViewController.swift */,
				F8E70BF2270F4D6B00A7DAF2 /* CheckinViewController.swift */,
				F86E5208271DE17000D57993 /* TabBar */,
			);
			path = ViewController;
			sourceTree = "<group>";
		};
		F8E70BF6270F4E7200A7DAF2 /* Const */ = {
			isa = PBXGroup;
			children = (
				F8E70BF7270F4E7E00A7DAF2 /* Const.swift */,
				F8E70BF9270F4E8B00A7DAF2 /* Storyboard.swift */,
				F8E70BFB270F4EB000A7DAF2 /* ViewController.swift */,
			);
			path = Const;
			sourceTree = "<group>";
		};
/* End PBXGroup section */

/* Begin PBXNativeTarget section */
		F8D2BE69270848FF00ED5EEA /* SOPT-29th-iOS-SeminarAssignment */ = {
			isa = PBXNativeTarget;
			buildConfigurationList = F8D2BE7E270848FF00ED5EEA /* Build configuration list for PBXNativeTarget "SOPT-29th-iOS-SeminarAssignment" */;
			buildPhases = (
				F8D2BE66270848FF00ED5EEA /* Sources */,
				F8D2BE67270848FF00ED5EEA /* Frameworks */,
				F8D2BE68270848FF00ED5EEA /* Resources */,
			);
			buildRules = (
			);
			dependencies = (
			);
			name = "SOPT-29th-iOS-SeminarAssignment";
			productName = "SOPT-29th-iOS-SeminarAssignment";
			productReference = F8D2BE6A270848FF00ED5EEA /* SOPT-29th-iOS-SeminarAssignment.app */;
			productType = "com.apple.product-type.application";
		};
/* End PBXNativeTarget section */

/* Begin PBXProject section */
		F8D2BE62270848FF00ED5EEA /* Project object */ = {
			isa = PBXProject;
			attributes = {
				BuildIndependentTargetsInParallel = 1;
				LastSwiftUpdateCheck = 1300;
				LastUpgradeCheck = 1300;
				TargetAttributes = {
					F8D2BE69270848FF00ED5EEA = {
						CreatedOnToolsVersion = 13.0;
					};
				};
			};
			buildConfigurationList = F8D2BE65270848FF00ED5EEA /* Build configuration list for PBXProject "SOPT-29th-iOS-SeminarAssignment" */;
			compatibilityVersion = "Xcode 13.0";
			developmentRegion = en;
			hasScannedForEncodings = 0;
			knownRegions = (
				en,
				Base,
			);
			mainGroup = F8D2BE61270848FF00ED5EEA;
			productRefGroup = F8D2BE6B270848FF00ED5EEA /* Products */;
			projectDirPath = "";
			projectRoot = "";
			targets = (
				F8D2BE69270848FF00ED5EEA /* SOPT-29th-iOS-SeminarAssignment */,
			);
		};
/* End PBXProject section */

/* Begin PBXResourcesBuildPhase section */
		F8D2BE68270848FF00ED5EEA /* Resources */ = {
			isa = PBXResourcesBuildPhase;
			buildActionMask = 2147483647;
			files = (
				F8E70BF5270F4D7300A7DAF2 /* Checkin.storyboard in Resources */,
				F8D2BE7A270848FF00ED5EEA /* LaunchScreen.storyboard in Resources */,
				F8D2BE77270848FF00ED5EEA /* Assets.xcassets in Resources */,
				F8E70BEF270F4D0100A7DAF2 /* Signup.storyboard in Resources */,
				F86E51FB271DE05000D57993 /* TabBar.storyboard in Resources */,
				F8D2BE75270848FF00ED5EEA /* Login.storyboard in Resources */,
			);
			runOnlyForDeploymentPostprocessing = 0;
		};
/* End PBXResourcesBuildPhase section */

/* Begin PBXSourcesBuildPhase section */
		F8D2BE66270848FF00ED5EEA /* Sources */ = {
			isa = PBXSourcesBuildPhase;
			buildActionMask = 2147483647;
			files = (
				F8E70BFE270F503A00A7DAF2 /* AppDelegate.swift in Sources */,
				F86E5201271DE11F00D57993 /* LibraryViewController.swift in Sources */,
				F86E5203271DE14900D57993 /* PlusViewController.swift in Sources */,
				F8D2BE72270848FF00ED5EEA /* LoginViewController.swift in Sources */,
				F8E70BF1270F4D0C00A7DAF2 /* SignupViewController.swift in Sources */,
				F8E70BF3270F4D6B00A7DAF2 /* CheckinViewController.swift in Sources */,
				F86E51FD271DE06F00D57993 /* TabBarViewController.swift in Sources */,
				F86E51FF271DE11400D57993 /* HomeViewController.swift in Sources */,
				F8D2BE70270848FF00ED5EEA /* SceneDelegate.swift in Sources */,
				F8E70BFC270F4EB000A7DAF2 /* ViewController.swift in Sources */,
				F86E5205271DE16100D57993 /* SubscriptionViewController.swift in Sources */,
				F8E70BFA270F4E8B00A7DAF2 /* Storyboard.swift in Sources */,
				F8E70BF8270F4E7E00A7DAF2 /* Const.swift in Sources */,
				F86E5207271DE16E00D57993 /* ShortsViewController.swift in Sources */,
			);
			runOnlyForDeploymentPostprocessing = 0;
		};
/* End PBXSourcesBuildPhase section */

/* Begin PBXVariantGroup section */
		F8D2BE73270848FF00ED5EEA /* Login.storyboard */ = {
			isa = PBXVariantGroup;
			children = (
				F8D2BE74270848FF00ED5EEA /* Base */,
			);
			name = Login.storyboard;
			sourceTree = "<group>";
		};
		F8D2BE78270848FF00ED5EEA /* LaunchScreen.storyboard */ = {
			isa = PBXVariantGroup;
			children = (
				F8D2BE79270848FF00ED5EEA /* Base */,
			);
			name = LaunchScreen.storyboard;
			sourceTree = "<group>";
		};
/* End PBXVariantGroup section */

/* Begin XCBuildConfiguration section */
		F8D2BE7C270848FF00ED5EEA /* Debug */ = {
			isa = XCBuildConfiguration;
			buildSettings = {
				ALWAYS_SEARCH_USER_PATHS = NO;
				CLANG_ANALYZER_NONNULL = YES;
				CLANG_ANALYZER_NUMBER_OBJECT_CONVERSION = YES_AGGRESSIVE;
				CLANG_CXX_LANGUAGE_STANDARD = "gnu++17";
				CLANG_CXX_LIBRARY = "libc++";
				CLANG_ENABLE_MODULES = YES;
				CLANG_ENABLE_OBJC_ARC = YES;
				CLANG_ENABLE_OBJC_WEAK = YES;
				CLANG_WARN_BLOCK_CAPTURE_AUTORELEASING = YES;
				CLANG_WARN_BOOL_CONVERSION = YES;
				CLANG_WARN_COMMA = YES;
				CLANG_WARN_CONSTANT_CONVERSION = YES;
				CLANG_WARN_DEPRECATED_OBJC_IMPLEMENTATIONS = YES;
				CLANG_WARN_DIRECT_OBJC_ISA_USAGE = YES_ERROR;
				CLANG_WARN_DOCUMENTATION_COMMENTS = YES;
				CLANG_WARN_EMPTY_BODY = YES;
				CLANG_WARN_ENUM_CONVERSION = YES;
				CLANG_WARN_INFINITE_RECURSION = YES;
				CLANG_WARN_INT_CONVERSION = YES;
				CLANG_WARN_NON_LITERAL_NULL_CONVERSION = YES;
				CLANG_WARN_OBJC_IMPLICIT_RETAIN_SELF = YES;
				CLANG_WARN_OBJC_LITERAL_CONVERSION = YES;
				CLANG_WARN_OBJC_ROOT_CLASS = YES_ERROR;
				CLANG_WARN_QUOTED_INCLUDE_IN_FRAMEWORK_HEADER = YES;
				CLANG_WARN_RANGE_LOOP_ANALYSIS = YES;
				CLANG_WARN_STRICT_PROTOTYPES = YES;
				CLANG_WARN_SUSPICIOUS_MOVE = YES;
				CLANG_WARN_UNGUARDED_AVAILABILITY = YES_AGGRESSIVE;
				CLANG_WARN_UNREACHABLE_CODE = YES;
				CLANG_WARN__DUPLICATE_METHOD_MATCH = YES;
				COPY_PHASE_STRIP = NO;
				DEBUG_INFORMATION_FORMAT = dwarf;
				ENABLE_STRICT_OBJC_MSGSEND = YES;
				ENABLE_TESTABILITY = YES;
				GCC_C_LANGUAGE_STANDARD = gnu11;
				GCC_DYNAMIC_NO_PIC = NO;
				GCC_NO_COMMON_BLOCKS = YES;
				GCC_OPTIMIZATION_LEVEL = 0;
				GCC_PREPROCESSOR_DEFINITIONS = (
					"DEBUG=1",
					"$(inherited)",
				);
				GCC_WARN_64_TO_32_BIT_CONVERSION = YES;
				GCC_WARN_ABOUT_RETURN_TYPE = YES_ERROR;
				GCC_WARN_UNDECLARED_SELECTOR = YES;
				GCC_WARN_UNINITIALIZED_AUTOS = YES_AGGRESSIVE;
				GCC_WARN_UNUSED_FUNCTION = YES;
				GCC_WARN_UNUSED_VARIABLE = YES;
				IPHONEOS_DEPLOYMENT_TARGET = 15.0;
				MTL_ENABLE_DEBUG_INFO = INCLUDE_SOURCE;
				MTL_FAST_MATH = YES;
				ONLY_ACTIVE_ARCH = YES;
				SDKROOT = iphoneos;
				SWIFT_ACTIVE_COMPILATION_CONDITIONS = DEBUG;
				SWIFT_OPTIMIZATION_LEVEL = "-Onone";
			};
			name = Debug;
		};
		F8D2BE7D270848FF00ED5EEA /* Release */ = {
			isa = XCBuildConfiguration;
			buildSettings = {
				ALWAYS_SEARCH_USER_PATHS = NO;
				CLANG_ANALYZER_NONNULL = YES;
				CLANG_ANALYZER_NUMBER_OBJECT_CONVERSION = YES_AGGRESSIVE;
				CLANG_CXX_LANGUAGE_STANDARD = "gnu++17";
				CLANG_CXX_LIBRARY = "libc++";
				CLANG_ENABLE_MODULES = YES;
				CLANG_ENABLE_OBJC_ARC = YES;
				CLANG_ENABLE_OBJC_WEAK = YES;
				CLANG_WARN_BLOCK_CAPTURE_AUTORELEASING = YES;
				CLANG_WARN_BOOL_CONVERSION = YES;
				CLANG_WARN_COMMA = YES;
				CLANG_WARN_CONSTANT_CONVERSION = YES;
				CLANG_WARN_DEPRECATED_OBJC_IMPLEMENTATIONS = YES;
				CLANG_WARN_DIRECT_OBJC_ISA_USAGE = YES_ERROR;
				CLANG_WARN_DOCUMENTATION_COMMENTS = YES;
				CLANG_WARN_EMPTY_BODY = YES;
				CLANG_WARN_ENUM_CONVERSION = YES;
				CLANG_WARN_INFINITE_RECURSION = YES;
				CLANG_WARN_INT_CONVERSION = YES;
				CLANG_WARN_NON_LITERAL_NULL_CONVERSION = YES;
				CLANG_WARN_OBJC_IMPLICIT_RETAIN_SELF = YES;
				CLANG_WARN_OBJC_LITERAL_CONVERSION = YES;
				CLANG_WARN_OBJC_ROOT_CLASS = YES_ERROR;
				CLANG_WARN_QUOTED_INCLUDE_IN_FRAMEWORK_HEADER = YES;
				CLANG_WARN_RANGE_LOOP_ANALYSIS = YES;
				CLANG_WARN_STRICT_PROTOTYPES = YES;
				CLANG_WARN_SUSPICIOUS_MOVE = YES;
				CLANG_WARN_UNGUARDED_AVAILABILITY = YES_AGGRESSIVE;
				CLANG_WARN_UNREACHABLE_CODE = YES;
				CLANG_WARN__DUPLICATE_METHOD_MATCH = YES;
				COPY_PHASE_STRIP = NO;
				DEBUG_INFORMATION_FORMAT = "dwarf-with-dsym";
				ENABLE_NS_ASSERTIONS = NO;
				ENABLE_STRICT_OBJC_MSGSEND = YES;
				GCC_C_LANGUAGE_STANDARD = gnu11;
				GCC_NO_COMMON_BLOCKS = YES;
				GCC_WARN_64_TO_32_BIT_CONVERSION = YES;
				GCC_WARN_ABOUT_RETURN_TYPE = YES_ERROR;
				GCC_WARN_UNDECLARED_SELECTOR = YES;
				GCC_WARN_UNINITIALIZED_AUTOS = YES_AGGRESSIVE;
				GCC_WARN_UNUSED_FUNCTION = YES;
				GCC_WARN_UNUSED_VARIABLE = YES;
				IPHONEOS_DEPLOYMENT_TARGET = 15.0;
				MTL_ENABLE_DEBUG_INFO = NO;
				MTL_FAST_MATH = YES;
				SDKROOT = iphoneos;
				SWIFT_COMPILATION_MODE = wholemodule;
				SWIFT_OPTIMIZATION_LEVEL = "-O";
				VALIDATE_PRODUCT = YES;
			};
			name = Release;
		};
		F8D2BE7F270848FF00ED5EEA /* Debug */ = {
			isa = XCBuildConfiguration;
			buildSettings = {
				ASSETCATALOG_COMPILER_APPICON_NAME = AppIcon;
				ASSETCATALOG_COMPILER_GLOBAL_ACCENT_COLOR_NAME = AccentColor;
				CODE_SIGN_IDENTITY = "Apple Development";
				CODE_SIGN_STYLE = Automatic;
				CURRENT_PROJECT_VERSION = 1;
				DEVELOPMENT_TEAM = T8C9SSEX5G;
				GENERATE_INFOPLIST_FILE = YES;
				INFOPLIST_FILE = "SOPT-29th-iOS-SeminarAssignment/Resource/Info.plist";
				INFOPLIST_KEY_UIApplicationSupportsIndirectInputEvents = YES;
				INFOPLIST_KEY_UILaunchStoryboardName = LaunchScreen;
				INFOPLIST_KEY_UISupportedInterfaceOrientations_iPad = "UIInterfaceOrientationPortrait UIInterfaceOrientationPortraitUpsideDown UIInterfaceOrientationLandscapeLeft UIInterfaceOrientationLandscapeRight";
				INFOPLIST_KEY_UISupportedInterfaceOrientations_iPhone = "UIInterfaceOrientationPortrait UIInterfaceOrientationLandscapeLeft UIInterfaceOrientationLandscapeRight";
				LD_RUNPATH_SEARCH_PATHS = (
					"$(inherited)",
					"@executable_path/Frameworks",
				);
				MARKETING_VERSION = 1.0;
				PRODUCT_BUNDLE_IDENTIFIER = "hyun99999.SOPT-29th-iOS-SeminarAssignment";
				PRODUCT_NAME = "$(TARGET_NAME)";
				PROVISIONING_PROFILE_SPECIFIER = "";
				SWIFT_EMIT_LOC_STRINGS = YES;
				SWIFT_VERSION = 5.0;
				TARGETED_DEVICE_FAMILY = "1,2";
			};
			name = Debug;
		};
		F8D2BE80270848FF00ED5EEA /* Release */ = {
			isa = XCBuildConfiguration;
			buildSettings = {
				ASSETCATALOG_COMPILER_APPICON_NAME = AppIcon;
				ASSETCATALOG_COMPILER_GLOBAL_ACCENT_COLOR_NAME = AccentColor;
				CODE_SIGN_IDENTITY = "Apple Development";
				CODE_SIGN_STYLE = Automatic;
				CURRENT_PROJECT_VERSION = 1;
				DEVELOPMENT_TEAM = T8C9SSEX5G;
				GENERATE_INFOPLIST_FILE = YES;
				INFOPLIST_FILE = "SOPT-29th-iOS-SeminarAssignment/Resource/Info.plist";
				INFOPLIST_KEY_UIApplicationSupportsIndirectInputEvents = YES;
				INFOPLIST_KEY_UILaunchStoryboardName = LaunchScreen;
				INFOPLIST_KEY_UISupportedInterfaceOrientations_iPad = "UIInterfaceOrientationPortrait UIInterfaceOrientationPortraitUpsideDown UIInterfaceOrientationLandscapeLeft UIInterfaceOrientationLandscapeRight";
				INFOPLIST_KEY_UISupportedInterfaceOrientations_iPhone = "UIInterfaceOrientationPortrait UIInterfaceOrientationLandscapeLeft UIInterfaceOrientationLandscapeRight";
				LD_RUNPATH_SEARCH_PATHS = (
					"$(inherited)",
					"@executable_path/Frameworks",
				);
				MARKETING_VERSION = 1.0;
				PRODUCT_BUNDLE_IDENTIFIER = "hyun99999.SOPT-29th-iOS-SeminarAssignment";
				PRODUCT_NAME = "$(TARGET_NAME)";
				PROVISIONING_PROFILE_SPECIFIER = "";
				SWIFT_EMIT_LOC_STRINGS = YES;
				SWIFT_VERSION = 5.0;
				TARGETED_DEVICE_FAMILY = "1,2";
			};
			name = Release;
		};
/* End XCBuildConfiguration section */

/* Begin XCConfigurationList section */
		F8D2BE65270848FF00ED5EEA /* Build configuration list for PBXProject "SOPT-29th-iOS-SeminarAssignment" */ = {
			isa = XCConfigurationList;
			buildConfigurations = (
				F8D2BE7C270848FF00ED5EEA /* Debug */,
				F8D2BE7D270848FF00ED5EEA /* Release */,
			);
			defaultConfigurationIsVisible = 0;
			defaultConfigurationName = Release;
		};
		F8D2BE7E270848FF00ED5EEA /* Build configuration list for PBXNativeTarget "SOPT-29th-iOS-SeminarAssignment" */ = {
			isa = XCConfigurationList;
			buildConfigurations = (
				F8D2BE7F270848FF00ED5EEA /* Debug */,
				F8D2BE80270848FF00ED5EEA /* Release */,
			);
			defaultConfigurationIsVisible = 0;
			defaultConfigurationName = Release;
		};
/* End XCConfigurationList section */
	};
	rootObject = F8D2BE62270848FF00ED5EEA /* Project object */;
}
